github.com/gygabi1996/dog v0.0.0-20240919102305-bb800c0a6523 h1:Tt395cV6ntxYe6P7RcFPijfmLn6iSMUzjCqIWzeAZT0=
github.com/gygabi1996/dog v0.0.0-20240919102305-bb800c0a6523/go.mod h1:pBuFdv+Aij9p+JIb7pk5fX2LiSAWP78iAZPNkNBd6pI=
github.com/gygabi1996/dog v0.0.0-20240919103400-4cb4264db295 h1:I+mW3GNakklbHOBM7XsfgKQmFm2zmgfpcAeLeKX4XSI=
github.com/gygabi1996/dog v0.0.0-20240919103400-4cb4264db295/go.mod h1:pBuFdv+Aij9p+JIb7pk5fX2LiSAWP78iAZPNkNBd6pI=
